{
  "name": "devicedna",
  "version": "1.0.3",
  "lockfileVersion": 3,
  "requires": true,
  "packages": {
    "": {
      "name": "devicedna",
      "version": "1.0.3",
      "license": "MIT License",
      "dependencies": {
        "@thumbmarkjs/thumbmarkjs": "^0.20.1"
      }
    },
    "node_modules/@thumbmarkjs/thumbmarkjs": {
      "version": "0.20.1",
      "resolved": "https://registry.npmjs.org/@thumbmarkjs/thumbmarkjs/-/thumbmarkjs-0.20.1.tgz",
      "integrity": "sha512-DWuNBywFCCPtNRtHQ6mVzT8d4KxyxgFodWgxZ6q4CwBw0ludDiabOBHx8MChlDA+cG6tiYpqEFLfqV58DatjmA==",
      "license": "MIT"
    }
  }
}
